<?xml version="1.0" encoding="utf-8"?>
<Project ToolsVersion="4.0" xmlns="http://schemas.microsoft.com/developer/msbuild/2003">
  <ItemGroup>
    <ClCompile Include="StdAfx.cpp" />
    <ClCompile Include="UIlib.cpp" />
    <ClCompile Include="Control\UIActiveX.cpp">
      <Filter>Control\Source Files</Filter>
    </ClCompile>
    <ClCompile Include="Control\UIWebBrowser.cpp">
      <Filter>Control\Source Files</Filter>
    </ClCompile>
    <ClCompile Include="Control\UIButton.cpp">
      <Filter>Control\Source Files</Filter>
    </ClCompile>
    <ClCompile Include="Control\UICheckBox.cpp">
      <Filter>Control\Source Files</Filter>
    </ClCompile>
    <ClCompile Include="Control\UICombo.cpp">
      <Filter>Control\Source Files</Filter>
    </ClCompile>
    <ClCompile Include="Control\UIComboBox.cpp">
      <Filter>Control\Source Files</Filter>
    </ClCompile>
    <ClCompile Include="Control\UIDateTime.cpp">
      <Filter>Control\Source Files</Filter>
    </ClCompile>
    <ClCompile Include="Control\UIEdit.cpp">
      <Filter>Control\Source Files</Filter>
    </ClCompile>
    <ClCompile Include="Control\UILabel.cpp">
      <Filter>Control\Source Files</Filter>
    </ClCompile>
    <ClCompile Include="Control\UIList.cpp">
      <Filter>Control\Source Files</Filter>
    </ClCompile>
    <ClCompile Include="Control\UIOption.cpp">
      <Filter>Control\Source Files</Filter>
    </ClCompile>
    <ClCompile Include="Control\UIProgress.cpp">
      <Filter>Control\Source Files</Filter>
    </ClCompile>
    <ClCompile Include="Control\UIRichEdit.cpp">
      <Filter>Control\Source Files</Filter>
    </ClCompile>
    <ClCompile Include="Control\UIScrollBar.cpp">
      <Filter>Control\Source Files</Filter>
    </ClCompile>
    <ClCompile Include="Control\UISlider.cpp">
      <Filter>Control\Source Files</Filter>
    </ClCompile>
    <ClCompile Include="Control\UIText.cpp">
      <Filter>Control\Source Files</Filter>
    </ClCompile>
    <ClCompile Include="Control\UITreeView.cpp">
      <Filter>Control\Source Files</Filter>
    </ClCompile>
    <ClCompile Include="Core\UIBase.cpp">
      <Filter>Core\Source Files</Filter>
    </ClCompile>
    <ClCompile Include="Core\UIRender.cpp">
      <Filter>Core\Source Files</Filter>
    </ClCompile>
    <ClCompile Include="Core\UIContainer.cpp">
      <Filter>Core\Source Files</Filter>
    </ClCompile>
    <ClCompile Include="Core\UIControl.cpp">
      <Filter>Core\Source Files</Filter>
    </ClCompile>
    <ClCompile Include="Core\UIManager.cpp">
      <Filter>Core\Source Files</Filter>
    </ClCompile>
    <ClCompile Include="Core\UIMarkup.cpp">
      <Filter>Core\Source Files</Filter>
    </ClCompile>
    <ClCompile Include="Layout\UIChildLayout.cpp">
      <Filter>Layout\Source Files</Filter>
    </ClCompile>
    <ClCompile Include="Layout\UIHorizontalLayout.cpp">
      <Filter>Layout\Source Files</Filter>
    </ClCompile>
    <ClCompile Include="Layout\UITabLayout.cpp">
      <Filter>Layout\Source Files</Filter>
    </ClCompile>
    <ClCompile Include="Layout\UITileLayout.cpp">
      <Filter>Layout\Source Files</Filter>
    </ClCompile>
    <ClCompile Include="Layout\UIVerticalLayout.cpp">
      <Filter>Layout\Source Files</Filter>
    </ClCompile>
    <ClCompile Include="Utils\stb_image.c">
      <Filter>Utils\Source Files</Filter>
    </ClCompile>
    <ClCompile Include="Utils\UIDelegate.cpp">
      <Filter>Utils\Source Files</Filter>
    </ClCompile>
    <ClCompile Include="Utils\Utils.cpp">
      <Filter>Utils\Source Files</Filter>
    </ClCompile>
    <ClCompile Include="Utils\WinImplBase.cpp">
      <Filter>Utils\Source Files</Filter>
    </ClCompile>
    <ClCompile Include="Utils\XUnzip.cpp">
      <Filter>Utils\Source Files</Filter>
    </ClCompile>
    <ClCompile Include="Core\UIDlgBuilder.cpp">
      <Filter>Layout\Header Files</Filter>
    </ClCompile>
  </ItemGroup>
  <ItemGroup>
    <ClInclude Include="StdAfx.h" />
    <ClInclude Include="UIlib.h" />
    <ClInclude Include="Control\UIActiveX.h">
      <Filter>Control\Header Files</Filter>
    </ClInclude>
    <ClInclude Include="Control\UIButton.h">
      <Filter>Control\Header Files</Filter>
    </ClInclude>
    <ClInclude Include="Control\UICheckBox.h">
      <Filter>Control\Header Files</Filter>
    </ClInclude>
    <ClInclude Include="Control\UICombo.h">
      <Filter>Control\Header Files</Filter>
    </ClInclude>
    <ClInclude Include="Control\UIComboBox.h">
      <Filter>Control\Header Files</Filter>
    </ClInclude>
    <ClInclude Include="Control\UIDateTime.h">
      <Filter>Control\Header Files</Filter>
    </ClInclude>
    <ClInclude Include="Control\UIEdit.h">
      <Filter>Control\Header Files</Filter>
    </ClInclude>
    <ClInclude Include="Control\UILabel.h">
      <Filter>Control\Header Files</Filter>
    </ClInclude>
    <ClInclude Include="Control\UIList.h">
      <Filter>Control\Header Files</Filter>
    </ClInclude>
    <ClInclude Include="Control\UIOption.h">
      <Filter>Control\Header Files</Filter>
    </ClInclude>
    <ClInclude Include="Control\UIProgress.h">
      <Filter>Control\Header Files</Filter>
    </ClInclude>
    <ClInclude Include="Control\UIRichEdit.h">
      <Filter>Control\Header Files</Filter>
    </ClInclude>
    <ClInclude Include="Control\UIScrollBar.h">
      <Filter>Control\Header Files</Filter>
    </ClInclude>
    <ClInclude Include="Control\UISlider.h">
      <Filter>Control\Header Files</Filter>
    </ClInclude>
    <ClInclude Include="Control\UIText.h">
      <Filter>Control\Header Files</Filter>
    </ClInclude>
    <ClInclude Include="Control\UITreeView.h">
      <Filter>Control\Header Files</Filter>
    </ClInclude>
    <ClInclude Include="Control\UIWebBrowser.h">
      <Filter>Control\Header Files</Filter>
    </ClInclude>
    <ClInclude Include="Core\UIBase.h">
      <Filter>Core\Header Files</Filter>
    </ClInclude>
    <ClInclude Include="Core\UIContainer.h">
      <Filter>Core\Header Files</Filter>
    </ClInclude>
    <ClInclude Include="Core\UIControl.h">
      <Filter>Core\Header Files</Filter>
    </ClInclude>
    <ClInclude Include="Core\UIDefine.h">
      <Filter>Core\Header Files</Filter>
    </ClInclude>
    <ClInclude Include="Core\UIDlgBuilder.h">
      <Filter>Core\Header Files</Filter>
    </ClInclude>
    <ClInclude Include="Core\UIManager.h">
      <Filter>Core\Header Files</Filter>
    </ClInclude>
    <ClInclude Include="Core\UIMarkup.h">
      <Filter>Core\Header Files</Filter>
    </ClInclude>
    <ClInclude Include="Core\UIRender.h">
      <Filter>Core\Header Files</Filter>
    </ClInclude>
    <ClInclude Include="Layout\UIChildLayout.h">
      <Filter>Layout\Header Files</Filter>
    </ClInclude>
    <ClInclude Include="Layout\UIHorizontalLayout.h">
      <Filter>Layout\Header Files</Filter>
    </ClInclude>
    <ClInclude Include="Layout\UITabLayout.h">
      <Filter>Layout\Header Files</Filter>
    </ClInclude>
    <ClInclude Include="Layout\UITileLayout.h">
      <Filter>Layout\Header Files</Filter>
    </ClInclude>
    <ClInclude Include="Layout\UIVerticalLayout.h">
      <Filter>Layout\Header Files</Filter>
    </ClInclude>
    <ClInclude Include="Utils\downloadmgr.h">
      <Filter>Utils\Header Files</Filter>
    </ClInclude>
    <ClInclude Include="Utils\FlashEventHandler.h">
      <Filter>Utils\Header Files</Filter>
    </ClInclude>
    <ClInclude Include="Utils\UIDelegate.h">
      <Filter>Utils\Header Files</Filter>
    </ClInclude>
    <ClInclude Include="Utils\Utils.h">
      <Filter>Utils\Header Files</Filter>
    </ClInclude>
    <ClInclude Include="Utils\WinImplBase.h">
      <Filter>Utils\Header Files</Filter>
    </ClInclude>
    <ClInclude Include="Utils\WebBrowserEventHandler.h">
      <Filter>Utils\Header Files</Filter>
    </ClInclude>
  </ItemGroup>
  <ItemGroup>
    <Filter Include="Core">
      <UniqueIdentifier>{11ef508b-d739-4d84-9052-f87ce05a1dbb}</UniqueIdentifier>
    </Filter>
    <Filter Include="Control">
      <UniqueIdentifier>{ab8e95b1-9eee-4714-8cb2-8cfd382190fe}</UniqueIdentifier>
    </Filter>
    <Filter Include="Layout">
      <UniqueIdentifier>{ffd9985f-026a-49f1-a3f0-3b93990e2a91}</UniqueIdentifier>
    </Filter>
    <Filter Include="Utils">
      <UniqueIdentifier>{2efed380-041a-419a-8bf9-e823de9bc049}</UniqueIdentifier>
    </Filter>
    <Filter Include="Control\Header Files">
      <UniqueIdentifier>{dc60dc32-f78a-4952-a3e0-7d6aa07d0df6}</UniqueIdentifier>
    </Filter>
    <Filter Include="Control\Source Files">
      <UniqueIdentifier>{e0e42eb6-051f-4f8e-a7f8-8848f7d4c277}</UniqueIdentifier>
    </Filter>
    <Filter Include="Core\Header Files">
      <UniqueIdentifier>{cec43bbc-6a2b-486a-a35d-b48164e93f08}</UniqueIdentifier>
    </Filter>
    <Filter Include="Core\Source Files">
      <UniqueIdentifier>{ba213d17-04a9-4672-9be1-55a1ff11ec8e}</UniqueIdentifier>
    </Filter>
    <Filter Include="Layout\Header Files">
      <UniqueIdentifier>{d40db604-8b98-426f-8ae1-16bdb8160730}</UniqueIdentifier>
    </Filter>
    <Filter Include="Layout\Source Files">
      <UniqueIdentifier>{f536d79b-06f9-466e-b4c8-976f2b3e1532}</UniqueIdentifier>
    </Filter>
    <Filter Include="Utils\Header Files">
      <UniqueIdentifier>{3ca9318c-464d-4381-9a23-49e23f81eee6}</UniqueIdentifier>
    </Filter>
    <Filter Include="Utils\Source Files">
      <UniqueIdentifier>{6270d2a1-ac3d-4916-a166-02903838aaeb}</UniqueIdentifier>
    </Filter>
  </ItemGroup>
</Project>