<?xml version="1.0" encoding="utf-8"?>
<Project ToolsVersion="4.0" xmlns="http://schemas.microsoft.com/developer/msbuild/2003">
  <ItemGroup>
    <Filter Include="Resource Files">
      <UniqueIdentifier>{67DA6AB6-F800-4c08-8B7A-83BB121AAD01}</UniqueIdentifier>
      <Extensions>rc;ico;cur;bmp;dlg;rc2;rct;bin;rgs;gif;jpg;jpeg;jpe;resx;tiff;tif;png;wav;mfcribbon-ms</Extensions>
    </Filter>
    <Filter Include="MiniDump">
      <UniqueIdentifier>{3b509869-01d5-43c5-92a7-0831bb4cc2e5}</UniqueIdentifier>
    </Filter>
    <Filter Include="Base">
      <UniqueIdentifier>{01d7d436-1fe9-4d37-a2de-81c74a0f7c48}</UniqueIdentifier>
    </Filter>
    <Filter Include="Base\Header Files">
      <UniqueIdentifier>{529e6669-cd10-42da-a149-f8e0bb469864}</UniqueIdentifier>
    </Filter>
    <Filter Include="Base\Source Files">
      <UniqueIdentifier>{46f78ae9-ff56-4591-aed4-7e5f506ad5d0}</UniqueIdentifier>
    </Filter>
    <Filter Include="cefclient">
      <UniqueIdentifier>{d8ed6f73-39e2-4520-9a92-45f2a51f0dda}</UniqueIdentifier>
    </Filter>
    <Filter Include="cefclient\Header Files">
      <UniqueIdentifier>{137ae254-1a87-4683-9864-cf0b807a2e64}</UniqueIdentifier>
    </Filter>
    <Filter Include="cefclient\Source Files">
      <UniqueIdentifier>{ba46a3a1-9a20-4557-923a-f7235fe9cdf1}</UniqueIdentifier>
    </Filter>
    <Filter Include="VenusClient">
      <UniqueIdentifier>{0cd1df2d-138f-4674-8c38-ac47d44e892e}</UniqueIdentifier>
    </Filter>
    <Filter Include="VenusClient\Source Files">
      <UniqueIdentifier>{4FC737F1-C7A5-4376-A066-2A32D752A2FF}</UniqueIdentifier>
      <Extensions>cpp;c;cc;cxx;def;odl;idl;hpj;bat;asm;asmx</Extensions>
    </Filter>
    <Filter Include="VenusClient\Header Files">
      <UniqueIdentifier>{93995380-89BD-4b04-88EB-625FBE52EBFB}</UniqueIdentifier>
      <Extensions>h;hpp;hxx;hm;inl;inc;xsd</Extensions>
    </Filter>
  </ItemGroup>
  <ItemGroup>
    <ClCompile Include="WinMain.cpp">
      <Filter>VenusClient\Source Files</Filter>
    </ClCompile>
    <ClCompile Include="MainFrame.cpp">
      <Filter>VenusClient\Source Files</Filter>
    </ClCompile>
    <ClCompile Include="MiniDumper.cpp">
      <Filter>MiniDump</Filter>
    </ClCompile>
    <ClCompile Include="StdAfx.cpp">
      <Filter>VenusClient\Source Files</Filter>
    </ClCompile>
    <ClCompile Include="TreeViewManager.cpp">
      <Filter>VenusClient\Source Files</Filter>
    </ClCompile>
    <ClCompile Include="HttpThread.cpp">
      <Filter>Base\Source Files</Filter>
    </ClCompile>
    <ClCompile Include="HttpManager.cpp">
      <Filter>Base\Source Files</Filter>
    </ClCompile>
    <ClCompile Include="Thread.cpp">
      <Filter>Base\Source Files</Filter>
    </ClCompile>
    <ClCompile Include="LoginFrame.cpp">
      <Filter>VenusClient\Source Files</Filter>
    </ClCompile>
    <ClCompile Include="Common.cpp">
      <Filter>Base\Source Files</Filter>
    </ClCompile>
    <ClCompile Include="Ftp.cpp">
      <Filter>Base\Source Files</Filter>
    </ClCompile>
    <ClCompile Include="md5.cpp">
      <Filter>Base\Source Files</Filter>
    </ClCompile>
    <ClCompile Include="tea.cpp">
      <Filter>Base\Source Files</Filter>
    </ClCompile>
    <ClCompile Include="base64.cpp">
      <Filter>Base\Source Files</Filter>
    </ClCompile>
    <ClCompile Include="ListViewManager.cpp">
      <Filter>VenusClient\Source Files</Filter>
    </ClCompile>
    <ClCompile Include="ServerManager.cpp">
      <Filter>VenusClient\Source Files</Filter>
    </ClCompile>
    <ClCompile Include="cefclient\binding_test.cpp">
      <Filter>cefclient\Source Files</Filter>
    </ClCompile>
    <ClCompile Include="cefclient\cefclient.cpp">
      <Filter>cefclient\Source Files</Filter>
    </ClCompile>
    <ClCompile Include="cefclient\cefclient_osr_widget_win.cpp">
      <Filter>cefclient\Source Files</Filter>
    </ClCompile>
    <ClCompile Include="cefclient\client_app.cpp">
      <Filter>cefclient\Source Files</Filter>
    </ClCompile>
    <ClCompile Include="cefclient\client_app_delegates.cpp">
      <Filter>cefclient\Source Files</Filter>
    </ClCompile>
    <ClCompile Include="cefclient\client_handler.cpp">
      <Filter>cefclient\Source Files</Filter>
    </ClCompile>
    <ClCompile Include="cefclient\client_handler_win.cpp">
      <Filter>cefclient\Source Files</Filter>
    </ClCompile>
    <ClCompile Include="cefclient\client_renderer.cpp">
      <Filter>cefclient\Source Files</Filter>
    </ClCompile>
    <ClCompile Include="cefclient\client_switches.cpp">
      <Filter>cefclient\Source Files</Filter>
    </ClCompile>
    <ClCompile Include="cefclient\dialog_test.cpp">
      <Filter>cefclient\Source Files</Filter>
    </ClCompile>
    <ClCompile Include="cefclient\dom_test.cpp">
      <Filter>cefclient\Source Files</Filter>
    </ClCompile>
    <ClCompile Include="cefclient\osrenderer.cpp">
      <Filter>cefclient\Source Files</Filter>
    </ClCompile>
    <ClCompile Include="cefclient\performance_test.cpp">
      <Filter>cefclient\Source Files</Filter>
    </ClCompile>
    <ClCompile Include="cefclient\performance_test_tests.cpp">
      <Filter>cefclient\Source Files</Filter>
    </ClCompile>
    <ClCompile Include="cefclient\resource_util_win.cpp">
      <Filter>cefclient\Source Files</Filter>
    </ClCompile>
    <ClCompile Include="cefclient\scheme_test.cpp">
      <Filter>cefclient\Source Files</Filter>
    </ClCompile>
    <ClCompile Include="cefclient\string_util.cpp">
      <Filter>cefclient\Source Files</Filter>
    </ClCompile>
    <ClCompile Include="cefclient\window_test.cpp">
      <Filter>cefclient\Source Files</Filter>
    </ClCompile>
    <ClCompile Include="cefclient\window_test_win.cpp">
      <Filter>cefclient\Source Files</Filter>
    </ClCompile>
    <ClCompile Include="BrowserFrame.cpp">
      <Filter>VenusClient\Source Files</Filter>
    </ClCompile>
    <ClCompile Include="SystemTray.cpp">
      <Filter>VenusClient\Source Files</Filter>
    </ClCompile>
  </ItemGroup>
  <ItemGroup>
    <ClInclude Include="MainFrame.h">
      <Filter>VenusClient\Header Files</Filter>
    </ClInclude>
    <ClInclude Include="StdAfx.h">
      <Filter>VenusClient\Header Files</Filter>
    </ClInclude>
    <ClInclude Include="resource.h">
      <Filter>VenusClient\Header Files</Filter>
    </ClInclude>
    <ClInclude Include="MiniDumper.h">
      <Filter>MiniDump</Filter>
    </ClInclude>
    <ClInclude Include="TreeViewManager.h">
      <Filter>VenusClient\Header Files</Filter>
    </ClInclude>
    <ClInclude Include="ServerManager.h">
      <Filter>VenusClient\Header Files</Filter>
    </ClInclude>
    <ClInclude Include="Singleton.h">
      <Filter>Base\Header Files</Filter>
    </ClInclude>
    <ClInclude Include="ResGuard.h">
      <Filter>Base\Header Files</Filter>
    </ClInclude>
    <ClInclude Include="HttpManager.h">
      <Filter>Base\Header Files</Filter>
    </ClInclude>
    <ClInclude Include="HttpThread.h">
      <Filter>Base\Header Files</Filter>
    </ClInclude>
    <ClInclude Include="Thread.h">
      <Filter>Base\Header Files</Filter>
    </ClInclude>
    <ClInclude Include="LoginFrame.h">
      <Filter>VenusClient\Header Files</Filter>
    </ClInclude>
    <ClInclude Include="Common.h">
      <Filter>Base\Header Files</Filter>
    </ClInclude>
    <ClInclude Include="Ftp.h">
      <Filter>Base\Header Files</Filter>
    </ClInclude>
    <ClInclude Include="md5.h">
      <Filter>Base\Header Files</Filter>
    </ClInclude>
    <ClInclude Include="tea.h">
      <Filter>Base\Header Files</Filter>
    </ClInclude>
    <ClInclude Include="base64.h">
      <Filter>Base\Header Files</Filter>
    </ClInclude>
    <ClInclude Include="PagerViewManager.h">
      <Filter>VenusClient\Header Files</Filter>
    </ClInclude>
    <ClInclude Include="ListViewManager.h">
      <Filter>VenusClient\Header Files</Filter>
    </ClInclude>
    <ClInclude Include="MetaDefine.h">
      <Filter>VenusClient\Header Files</Filter>
    </ClInclude>
    <ClInclude Include="cefclient\binding_test.h">
      <Filter>cefclient\Header Files</Filter>
    </ClInclude>
    <ClInclude Include="cefclient\window_test.h">
      <Filter>cefclient\Header Files</Filter>
    </ClInclude>
    <ClInclude Include="cefclient\cefclient.h">
      <Filter>cefclient\Header Files</Filter>
    </ClInclude>
    <ClInclude Include="cefclient\cefclient_osr_widget_win.h">
      <Filter>cefclient\Header Files</Filter>
    </ClInclude>
    <ClInclude Include="cefclient\client_app.h">
      <Filter>cefclient\Header Files</Filter>
    </ClInclude>
    <ClInclude Include="cefclient\client_handler.h">
      <Filter>cefclient\Header Files</Filter>
    </ClInclude>
    <ClInclude Include="cefclient\client_renderer.h">
      <Filter>cefclient\Header Files</Filter>
    </ClInclude>
    <ClInclude Include="cefclient\client_switches.h">
      <Filter>cefclient\Header Files</Filter>
    </ClInclude>
    <ClInclude Include="cefclient\dialog_test.h">
      <Filter>cefclient\Header Files</Filter>
    </ClInclude>
    <ClInclude Include="cefclient\dom_test.h">
      <Filter>cefclient\Header Files</Filter>
    </ClInclude>
    <ClInclude Include="cefclient\osrenderer.h">
      <Filter>cefclient\Header Files</Filter>
    </ClInclude>
    <ClInclude Include="cefclient\performance_test.h">
      <Filter>cefclient\Header Files</Filter>
    </ClInclude>
    <ClInclude Include="cefclient\performance_test_setup.h">
      <Filter>cefclient\Header Files</Filter>
    </ClInclude>
    <ClInclude Include="cefclient\resource.h">
      <Filter>cefclient\Header Files</Filter>
    </ClInclude>
    <ClInclude Include="cefclient\resource_util.h">
      <Filter>cefclient\Header Files</Filter>
    </ClInclude>
    <ClInclude Include="cefclient\scheme_test.h">
      <Filter>cefclient\Header Files</Filter>
    </ClInclude>
    <ClInclude Include="cefclient\string_util.h">
      <Filter>cefclient\Header Files</Filter>
    </ClInclude>
    <ClInclude Include="cefclient\util.h">
      <Filter>cefclient\Header Files</Filter>
    </ClInclude>
    <ClInclude Include="BrowserFrame.h">
      <Filter>VenusClient\Header Files</Filter>
    </ClInclude>
    <ClInclude Include="SystemTray.h">
      <Filter>VenusClient\Header Files</Filter>
    </ClInclude>
  </ItemGroup>
  <ItemGroup>
    <ResourceCompile Include="VenusClient.rc">
      <Filter>Resource Files</Filter>
    </ResourceCompile>
  </ItemGroup>
  <ItemGroup>
    <None Include="..\..\Binary\Resource\Images\logo.ico">
      <Filter>Resource Files</Filter>
    </None>
  </ItemGroup>
</Project>